Microsoft Visual Studio Solution File, Format Version 11.00
# Visual Studio 2008

Project("{A3E586A6-42AE-FAC3-341F-48B5E1F970FB}") = "Petani", "Assembly-CSharp.csproj", "{BCA35E56-00D4-093E-1F61-D90560ACFC90}"
EndProject
Project("{A3E586A6-42AE-FAC3-341F-48B5E1F970FB}") = "Petani", "Assembly-CSharp-Editor.csproj", "{C149EFC7-2EE3-7BDB-79F9-7EBA42DED2EF}"
EndProject
Global
	GlobalSection(SolutionConfigurationPlatforms) = preSolution
		Debug|Any CPU = Debug|Any CPU
		Release|Any CPU = Release|Any CPU
	EndGlobalSection
	GlobalSection(ProjectConfigurationPlatforms) = postSolution
		{BCA35E56-00D4-093E-1F61-D90560ACFC90}.Debug|Any CPU.ActiveCfg = Debug|Any CPU
		{BCA35E56-00D4-093E-1F61-D90560ACFC90}.Debug|Any CPU.Build.0 = Debug|Any CPU
		{BCA35E56-00D4-093E-1F61-D90560ACFC90}.Release|Any CPU.ActiveCfg = Release|Any CPU
		{BCA35E56-00D4-093E-1F61-D90560ACFC90}.Release|Any CPU.Build.0 = Release|Any CPU
		{C149EFC7-2EE3-7BDB-79F9-7EBA42DED2EF}.Debug|Any CPU.ActiveCfg = Debug|Any CPU
		{C149EFC7-2EE3-7BDB-79F9-7EBA42DED2EF}.Debug|Any CPU.Build.0 = Debug|Any CPU
		{C149EFC7-2EE3-7BDB-79F9-7EBA42DED2EF}.Release|Any CPU.ActiveCfg = Release|Any CPU
		{C149EFC7-2EE3-7BDB-79F9-7EBA42DED2EF}.Release|Any CPU.Build.0 = Release|Any CPU
	EndGlobalSection
	GlobalSection(SolutionProperties) = preSolution
		HideSolutionNode = FALSE
	EndGlobalSection
	GlobalSection(MonoDevelopProperties) = preSolution
		StartupItem = Assembly-CSharp.csproj
	EndGlobalSection
EndGlobal
